%{"arc": {:git, "https://github.com/Zensavona/arc.git", "0d50533603c87433c1feb46cf8062083ce0c142b", []},
  "decimal": {:hex, :decimal, "1.1.0"},
  "ecto": {:hex, :ecto, "1.0.6"},
  "erlcloud": {:hex, :erlcloud, "0.12.0"},
  "jsx": {:hex, :jsx, "2.7.2"},
  "lhttpc": {:hex, :lhttpc, "1.3.0"},
  "meck": {:hex, :meck, "0.8.3"},
  "mock": {:hex, :mock, "0.1.1"},
  "poolboy": {:hex, :poolboy, "1.5.1"}}
